
Microsoft Visual Studio Solution File, Format Version 12.00
# Visual Studio Version 17
VisualStudioVersion = 17.5.33516.290
MinimumVisualStudioVersion = 10.0.40219.1
Project("{9A19103F-16F7-4668-BE54-9A1E7A4F7556}") = "RealEstate_Dapper_Api", "RealEstate_Dapper_Api\RealEstate_Dapper_Api.csproj", "{2E6F0D22-2BC7-4AFD-9A61-82C18DC28DF9}"
EndProject
Project("{9A19103F-16F7-4668-BE54-9A1E7A4F7556}") = "RealEstate_Dapper_UI", "RealEstate_Dapper_UI\RealEstate_Dapper_UI.csproj", "{A2B22345-F7B7-445A-8685-A1DC3474FC7A}"
EndProject
Global
	GlobalSection(SolutionConfigurationPlatforms) = preSolution
		Debug|Any CPU = Debug|Any CPU
		Release|Any CPU = Release|Any CPU
	EndGlobalSection
	GlobalSection(ProjectConfigurationPlatforms) = postSolution
		{2E6F0D22-2BC7-4AFD-9A61-82C18DC28DF9}.Debug|Any CPU.ActiveCfg = Debug|Any CPU
		{2E6F0D22-2BC7-4AFD-9A61-82C18DC28DF9}.Debug|Any CPU.Build.0 = Debug|Any CPU
		{2E6F0D22-2BC7-4AFD-9A61-82C18DC28DF9}.Release|Any CPU.ActiveCfg = Release|Any CPU
		{2E6F0D22-2BC7-4AFD-9A61-82C18DC28DF9}.Release|Any CPU.Build.0 = Release|Any CPU
		{A2B22345-F7B7-445A-8685-A1DC3474FC7A}.Debug|Any CPU.ActiveCfg = Debug|Any CPU
		{A2B22345-F7B7-445A-8685-A1DC3474FC7A}.Debug|Any CPU.Build.0 = Debug|Any CPU
		{A2B22345-F7B7-445A-8685-A1DC3474FC7A}.Release|Any CPU.ActiveCfg = Release|Any CPU
		{A2B22345-F7B7-445A-8685-A1DC3474FC7A}.Release|Any CPU.Build.0 = Release|Any CPU
	EndGlobalSection
	GlobalSection(SolutionProperties) = preSolution
		HideSolutionNode = FALSE
	EndGlobalSection
	GlobalSection(ExtensibilityGlobals) = postSolution
		SolutionGuid = {5C5D232D-A162-4179-93EE-9B88D482FD10}
	EndGlobalSection
EndGlobal
